
Microsoft Visual Studio Solution File, Format Version 11.00
# Visual Studio 2010
Project("{FAE04EC0-301F-11D3-BF4B-00C04F79EFBC}") = "WindowsPhoneClient", "WindowsPhoneApplication1\WindowsPhoneClient.csproj", "{64C4E1B1-D287-40DD-92FE-32C59D4E737D}"
EndProject
Project("{FAE04EC0-301F-11D3-BF4B-00C04F79EFBC}") = "ChatAppWebservice", "WcfService1\ChatAppWebservice.csproj", "{DE6B4B2E-7344-4183-A026-FA023C4874C0}"
EndProject
Global
	GlobalSection(SolutionConfigurationPlatforms) = preSolution
		Debug|Any CPU = Debug|Any CPU
		Release|Any CPU = Release|Any CPU
	EndGlobalSection
	GlobalSection(ProjectConfigurationPlatforms) = postSolution
		{64C4E1B1-D287-40DD-92FE-32C59D4E737D}.Debug|Any CPU.ActiveCfg = Debug|Any CPU
		{64C4E1B1-D287-40DD-92FE-32C59D4E737D}.Debug|Any CPU.Build.0 = Debug|Any CPU
		{64C4E1B1-D287-40DD-92FE-32C59D4E737D}.Debug|Any CPU.Deploy.0 = Debug|Any CPU
		{64C4E1B1-D287-40DD-92FE-32C59D4E737D}.Release|Any CPU.ActiveCfg = Release|Any CPU
		{64C4E1B1-D287-40DD-92FE-32C59D4E737D}.Release|Any CPU.Build.0 = Release|Any CPU
		{64C4E1B1-D287-40DD-92FE-32C59D4E737D}.Release|Any CPU.Deploy.0 = Release|Any CPU
		{DE6B4B2E-7344-4183-A026-FA023C4874C0}.Debug|Any CPU.ActiveCfg = Debug|Any CPU
		{DE6B4B2E-7344-4183-A026-FA023C4874C0}.Debug|Any CPU.Build.0 = Debug|Any CPU
		{DE6B4B2E-7344-4183-A026-FA023C4874C0}.Release|Any CPU.ActiveCfg = Release|Any CPU
		{DE6B4B2E-7344-4183-A026-FA023C4874C0}.Release|Any CPU.Build.0 = Release|Any CPU
	EndGlobalSection
	GlobalSection(SolutionProperties) = preSolution
		HideSolutionNode = FALSE
	EndGlobalSection
EndGlobal
